# This file was autogenerated by Stack.
# You should not edit this file by hand.
# For more information, please see the documentation at:
#   https://docs.haskellstack.org/en/stable/lock_files

packages: []
snapshots:
- completed:
    sha256: 96c3994540190123f804fc847ea7d9ced3ad2f631a4bf838bdca27cfb2d9020d
    size: 664619
    url: https://raw.githubusercontent.com/commercialhaskell/stackage-snapshots/master/nightly/2024/10/3.yaml
  original: nightly-2024-10-03
